
Microsoft Visual Studio Solution File, Format Version 12.00
# Visual Studio Version 17
VisualStudioVersion = 17.0.32112.339
MinimumVisualStudioVersion = 10.0.40219.1
Project("{9A19103F-16F7-4668-BE54-9A1E7A4F7556}") = "POS_System.API", "POS_System.API\POS_System.API.csproj", "{791074AD-A8D4-4B18-9EEA-9AEC78583059}"
EndProject
Project("{9A19103F-16F7-4668-BE54-9A1E7A4F7556}") = "POS_System.Domains", "POS_System.Domains\POS_System.Domains.csproj", "{43D84CA8-8C9F-4B55-90B0-B2C65DF81D66}"
EndProject
Project("{9A19103F-16F7-4668-BE54-9A1E7A4F7556}") = "POS_System.Data", "POS_System.Data\POS_System.Data.csproj", "{22E3C168-2803-43CB-A281-FF24B0811860}"
EndProject
Project("{9A19103F-16F7-4668-BE54-9A1E7A4F7556}") = "POS_System.Repositories", "POS_System.Repositories\POS_System.Repositories.csproj", "{CF5AE57C-46D1-4273-99F2-AFFA5720C8DB}"
EndProject
Project("{9A19103F-16F7-4668-BE54-9A1E7A4F7556}") = "POS_System.BL", "POS_System.BL\POS_System.BL.csproj", "{2C1011BA-68C8-491D-BF32-4A06AE6720D2}"
EndProject
Project("{9A19103F-16F7-4668-BE54-9A1E7A4F7556}") = "POS_System.ViewModels", "POS_System.ViewModels\POS_System.ViewModels.csproj", "{652980FA-5DA0-40A2-BCF4-FEF7295D1D75}"
EndProject
Global
	GlobalSection(SolutionConfigurationPlatforms) = preSolution
		Debug|Any CPU = Debug|Any CPU
		Release|Any CPU = Release|Any CPU
	EndGlobalSection
	GlobalSection(ProjectConfigurationPlatforms) = postSolution
		{791074AD-A8D4-4B18-9EEA-9AEC78583059}.Debug|Any CPU.ActiveCfg = Debug|Any CPU
		{791074AD-A8D4-4B18-9EEA-9AEC78583059}.Debug|Any CPU.Build.0 = Debug|Any CPU
		{791074AD-A8D4-4B18-9EEA-9AEC78583059}.Release|Any CPU.ActiveCfg = Release|Any CPU
		{791074AD-A8D4-4B18-9EEA-9AEC78583059}.Release|Any CPU.Build.0 = Release|Any CPU
		{43D84CA8-8C9F-4B55-90B0-B2C65DF81D66}.Debug|Any CPU.ActiveCfg = Debug|Any CPU
		{43D84CA8-8C9F-4B55-90B0-B2C65DF81D66}.Debug|Any CPU.Build.0 = Debug|Any CPU
		{43D84CA8-8C9F-4B55-90B0-B2C65DF81D66}.Release|Any CPU.ActiveCfg = Release|Any CPU
		{43D84CA8-8C9F-4B55-90B0-B2C65DF81D66}.Release|Any CPU.Build.0 = Release|Any CPU
		{22E3C168-2803-43CB-A281-FF24B0811860}.Debug|Any CPU.ActiveCfg = Debug|Any CPU
		{22E3C168-2803-43CB-A281-FF24B0811860}.Debug|Any CPU.Build.0 = Debug|Any CPU
		{22E3C168-2803-43CB-A281-FF24B0811860}.Release|Any CPU.ActiveCfg = Release|Any CPU
		{22E3C168-2803-43CB-A281-FF24B0811860}.Release|Any CPU.Build.0 = Release|Any CPU
		{CF5AE57C-46D1-4273-99F2-AFFA5720C8DB}.Debug|Any CPU.ActiveCfg = Debug|Any CPU
		{CF5AE57C-46D1-4273-99F2-AFFA5720C8DB}.Debug|Any CPU.Build.0 = Debug|Any CPU
		{CF5AE57C-46D1-4273-99F2-AFFA5720C8DB}.Release|Any CPU.ActiveCfg = Release|Any CPU
		{CF5AE57C-46D1-4273-99F2-AFFA5720C8DB}.Release|Any CPU.Build.0 = Release|Any CPU
		{2C1011BA-68C8-491D-BF32-4A06AE6720D2}.Debug|Any CPU.ActiveCfg = Debug|Any CPU
		{2C1011BA-68C8-491D-BF32-4A06AE6720D2}.Debug|Any CPU.Build.0 = Debug|Any CPU
		{2C1011BA-68C8-491D-BF32-4A06AE6720D2}.Release|Any CPU.ActiveCfg = Release|Any CPU
		{2C1011BA-68C8-491D-BF32-4A06AE6720D2}.Release|Any CPU.Build.0 = Release|Any CPU
		{652980FA-5DA0-40A2-BCF4-FEF7295D1D75}.Debug|Any CPU.ActiveCfg = Debug|Any CPU
		{652980FA-5DA0-40A2-BCF4-FEF7295D1D75}.Debug|Any CPU.Build.0 = Debug|Any CPU
		{652980FA-5DA0-40A2-BCF4-FEF7295D1D75}.Release|Any CPU.ActiveCfg = Release|Any CPU
		{652980FA-5DA0-40A2-BCF4-FEF7295D1D75}.Release|Any CPU.Build.0 = Release|Any CPU
	EndGlobalSection
	GlobalSection(SolutionProperties) = preSolution
		HideSolutionNode = FALSE
	EndGlobalSection
	GlobalSection(ExtensibilityGlobals) = postSolution
		SolutionGuid = {4963DCC9-DCE6-4506-9012-484E4EB6D4D8}
	EndGlobalSection
EndGlobal
